
Microsoft Visual Studio Solution File, Format Version 12.00
# Visual Studio Version 16
VisualStudioVersion = 16.0.31321.278
MinimumVisualStudioVersion = 10.0.40219.1
Project("{FAE04EC0-301F-11D3-BF4B-00C04F79EFBC}") = "ABTestReal", "ABTestReal\ABTestReal.csproj", "{1ABE05C4-9C88-4987-B829-13C60556C2E3}"
EndProject
Project("{9A19103F-16F7-4668-BE54-9A1E7A4F7556}") = "ABTestRealDB", "ABTestRealDB\ABTestRealDB.csproj", "{74CC3528-28AD-43AA-A6E5-3DA8BA22EDA2}"
EndProject
Project("{9A19103F-16F7-4668-BE54-9A1E7A4F7556}") = "ConsoleApp2", "ConsoleApp2\ConsoleApp2.csproj", "{F5DE5499-4EDF-40EC-B7D3-C1A2F7087D1B}"
EndProject
Global
	GlobalSection(SolutionConfigurationPlatforms) = preSolution
		Debug|Any CPU = Debug|Any CPU
		Release|Any CPU = Release|Any CPU
	EndGlobalSection
	GlobalSection(ProjectConfigurationPlatforms) = postSolution
		{1ABE05C4-9C88-4987-B829-13C60556C2E3}.Debug|Any CPU.ActiveCfg = Debug|Any CPU
		{1ABE05C4-9C88-4987-B829-13C60556C2E3}.Debug|Any CPU.Build.0 = Debug|Any CPU
		{1ABE05C4-9C88-4987-B829-13C60556C2E3}.Release|Any CPU.ActiveCfg = Release|Any CPU
		{1ABE05C4-9C88-4987-B829-13C60556C2E3}.Release|Any CPU.Build.0 = Release|Any CPU
		{74CC3528-28AD-43AA-A6E5-3DA8BA22EDA2}.Debug|Any CPU.ActiveCfg = Debug|Any CPU
		{74CC3528-28AD-43AA-A6E5-3DA8BA22EDA2}.Debug|Any CPU.Build.0 = Debug|Any CPU
		{74CC3528-28AD-43AA-A6E5-3DA8BA22EDA2}.Release|Any CPU.ActiveCfg = Release|Any CPU
		{74CC3528-28AD-43AA-A6E5-3DA8BA22EDA2}.Release|Any CPU.Build.0 = Release|Any CPU
		{F5DE5499-4EDF-40EC-B7D3-C1A2F7087D1B}.Debug|Any CPU.ActiveCfg = Debug|Any CPU
		{F5DE5499-4EDF-40EC-B7D3-C1A2F7087D1B}.Debug|Any CPU.Build.0 = Debug|Any CPU
		{F5DE5499-4EDF-40EC-B7D3-C1A2F7087D1B}.Release|Any CPU.ActiveCfg = Release|Any CPU
		{F5DE5499-4EDF-40EC-B7D3-C1A2F7087D1B}.Release|Any CPU.Build.0 = Release|Any CPU
	EndGlobalSection
	GlobalSection(SolutionProperties) = preSolution
		HideSolutionNode = FALSE
	EndGlobalSection
	GlobalSection(ExtensibilityGlobals) = postSolution
		SolutionGuid = {9C9E1C74-0B4B-4263-A16E-EC0394CD2423}
	EndGlobalSection
EndGlobal
